
Microsoft Visual Studio Solution File, Format Version 12.00
# Visual Studio Version 17
VisualStudioVersion = 17.2.32516.85
MinimumVisualStudioVersion = 10.0.40219.1
Project("{FAE04EC0-301F-11D3-BF4B-00C04F79EFBC}") = "RACmaster", "RACmaster.csproj", "{A354F5E1-5F9F-4C50-85D1-E8096287420B}"
EndProject
Global
	GlobalSection(SolutionConfigurationPlatforms) = preSolution
		Debug|Any CPU = Debug|Any CPU
		Release|Any CPU = Release|Any CPU
	EndGlobalSection
	GlobalSection(ProjectConfigurationPlatforms) = postSolution
		{A354F5E1-5F9F-4C50-85D1-E8096287420B}.Debug|Any CPU.ActiveCfg = Debug|Any CPU
		{A354F5E1-5F9F-4C50-85D1-E8096287420B}.Debug|Any CPU.Build.0 = Debug|Any CPU
		{A354F5E1-5F9F-4C50-85D1-E8096287420B}.Release|Any CPU.ActiveCfg = Release|Any CPU
		{A354F5E1-5F9F-4C50-85D1-E8096287420B}.Release|Any CPU.Build.0 = Release|Any CPU
	EndGlobalSection
	GlobalSection(SolutionProperties) = preSolution
		HideSolutionNode = FALSE
	EndGlobalSection
	GlobalSection(ExtensibilityGlobals) = postSolution
		SolutionGuid = {A6A93B6E-E20A-4275-A9C9-FBE18188E188}
	EndGlobalSection
EndGlobal
